lockfileVersion: '9.0'

settings:
  autoInstallPeers: true
  excludeLinksFromLockfile: false

importers:

  .: {}

  apps/backend:
    dependencies:
      '@gsb/types':
        specifier: workspace:*
        version: link:../../packages/types

  apps/frontend:
    dependencies:
      '@gsb/types':
        specifier: workspace:*
        version: link:../../packages/types

  packages/types: {}
